# This file is autogenerated, do not edit; changes may be undone by the next 'dep ensure'.


[[projects]]
  digest = "1:9f3b30d9f8e0d7040f729b82dcbc8f0dead820a133b3147ce355fc451f32d761"
  name = "github.com/BurntSushi/toml"
  packages = ["."]
  pruneopts = "UT"
  revision = "3012a1dbe2e4bd1391d42b32f0577cb7bbc7f005"
  version = "v0.3.1"

[[projects]]
  branch = "master"
  digest = "1:1a200e7e73293b75eb8e5c93d023b5472663432da0b663e1532624fcfede9ca8"
  name = "github.com/anmitsu/go-shlex"
  packages = ["."]
  pruneopts = "UT"
  revision = "648efa622239a2f6ff949fed78ee37b48d499ba4"

[[projects]]
  digest = "1:d6afaeed1502aa28e80a4ed0981d570ad91b2579193404256ce672ed0a609e0d"
  name = "github.com/beorn7/perks"
  packages = ["quantile"]
  pruneopts = "UT"
  revision = "4b2b341e8d7715fae06375aa633dbb6e91b3fb46"
  version = "v1.0.0"

[[projects]]
  digest = "1:fed1f537c2f1269fe475a8556c393fe466641682d73ef8fd0491cd3aa1e47bad"
  name = "github.com/certifi/gocertifi"
  packages = ["."]
  pruneopts = "UT"
  revision = "deb3ae2ef2610fde3330947281941c562861188b"
  version = "2018.01.18"

[[projects]]
  digest = "1:e5003c19d396d8b3cf1324ea0bf49b00f13e9466d0297d1268b641f1c617c3a2"
  name = "github.com/cloudflare/brotli-go"
  packages = ["."]
  pruneopts = "T"
  revision = "18c9f6c67e3dfc12e0ddaca748d2887f97a7ac28"

[[projects]]
  digest = "1:6dbb2bbc7e6333e691c4d82fd86485f0695a35902fbb9b2df5f72e22ab0040f3"
  name = "github.com/cloudflare/golibs"
  packages = ["lrucache"]
  pruneopts = "UT"
  revision = "333127dbecfcc23a8db7d9a4f52785d23aff44a1"

[[projects]]
  digest = "1:3f9506ee991cdee1f05bf0cd3e34b5cd922dc00d6a950fb4beb4e07ab1c4d3d1"
  name = "github.com/coredns/coredns"
  packages = [
    "core/dnsserver",
    "coremain",
    "pb",
    "plugin",
    "plugin/cache",
    "plugin/cache/freq",
    "plugin/etcd/msg",
    "plugin/metrics",
    "plugin/metrics/vars",
    "plugin/pkg/cache",
    "plugin/pkg/dnstest",
    "plugin/pkg/dnsutil",
    "plugin/pkg/doh",
    "plugin/pkg/edns",
    "plugin/pkg/fuzz",
    "plugin/pkg/log",
    "plugin/pkg/nonwriter",
    "plugin/pkg/rcode",
    "plugin/pkg/response",
    "plugin/pkg/trace",
    "plugin/pkg/uniq",
    "plugin/pkg/watch",
    "plugin/test",
    "request",
  ]
  pruneopts = "UT"
  revision = "2e322f6e8a54f18c6aef9c25a7c432c291a3d9f7"
  version = "v1.2.0"

[[projects]]
  digest = "1:6f70106e7bc1c803e8a0a4519e09c12d154771acfa2559206e97b033bbd1dd38"
  name = "github.com/coreos/go-oidc"
  packages = ["jose"]
  pruneopts = "UT"
  revision = "a93f71fdfe73d2c0f5413c0565eea0af6523a6df"

[[projects]]
  digest = "1:1da3a221f0bc090792d3a2a080ff09008427c0e0f0533a4ed6abd8994421da73"
  name = "github.com/coreos/go-systemd"
  packages = ["daemon"]
  pruneopts = "UT"
  revision = "95778dfbb74eb7e4dbaf43bf7d71809650ef8076"
  version = "v19"

[[projects]]
  digest = "1:385dff5bf83bf1c9d40ef2b0f2e697f0d1973fc9e24ae9401cf41698612bbebc"
  name = "github.com/creack/pty"
  packages = ["."]
  pruneopts = "UT"
  revision = "2769f65a3a94eb8f876f44a0459d24ae7ad2e488"
  version = "v1.1.7"

[[projects]]
  digest = "1:ffe9824d294da03b391f44e1ae8281281b4afc1bdaa9588c9097785e3af10cec"
  name = "github.com/davecgh/go-spew"
  packages = ["spew"]
  pruneopts = "UT"
  revision = "8991bc29aa16c548c550c7ff78260e27b9ab7c73"
  version = "v1.1.1"

[[projects]]
  branch = "master"
  digest = "1:c013ffc6e15f9f898078f9d38441c68b228aa7b899659452170250ccb27f5f1e"
  name = "github.com/elgs/gosqljson"
  packages = ["."]
  pruneopts = "UT"
  revision = "027aa4915315a0b2825c0f025cea347829b974fa"

[[projects]]
  digest = "1:d4268b2a09b1f736633577c4ac93f2a5356c73742fff5344e2451aeec60a7ad0"
  name = "github.com/equinox-io/equinox"
  packages = [
    ".",
    "internal/go-update",
    "internal/go-update/internal/binarydist",
    "internal/go-update/internal/osext",
    "internal/osext",
    "proto",
  ]
  pruneopts = "UT"
  revision = "5205c98a6c11dc72747ce12fff6cd620a99fde05"
  version = "v1.2.0"

[[projects]]
  digest = "1:433763f10d88dba9b533a7ea2fe9f5ee11e57e00306eb97a1f6090fd978e8fa1"
  name = "github.com/facebookgo/grace"
  packages = ["gracenet"]
  pruneopts = "UT"
  revision = "75cf19382434e82df4dd84953f566b8ad23d6e9e"

[[projects]]
  branch = "master"
  digest = "1:50a46ab1d5edbbdd55125b4d37f1bf503d0807c26461f9ad7b358d6006641d09"
  name = "github.com/flynn/go-shlex"
  packages = ["."]
  pruneopts = "UT"
  revision = "3f9db97f856818214da2e1057f8ad84803971cff"

[[projects]]
  digest = "1:d4623fc7bf7e281d9107367cc4a9e76ed3e86b1eec1a4e30630c870bef1fedd0"
  name = "github.com/getsentry/raven-go"
  packages = ["."]
  pruneopts = "UT"
  revision = "ed7bcb39ff10f39ab08e317ce16df282845852fa"

[[projects]]
  digest = "1:0a01355005024757ae2a1f62e8fe68a30b4f5fde7a08ac88b3685e7999ac354b"
  name = "github.com/gliderlabs/ssh"
  packages = ["."]
  pruneopts = "UT"
  revision = "5b6cc7030f17095c0cf23bb063b0bfe824fe5f8b"
  version = "v0.2.2"

[[projects]]
  branch = "master"
  digest = "1:3e6afc3ed8a72949aa735c00fddc23427dc9384ccfd51cf0d91a412e668da632"
  name = "github.com/golang-collections/collections"
  packages = ["queue"]
  pruneopts = "UT"
  revision = "604e922904d35e97f98a774db7881f049cd8d970"

[[projects]]
  digest = "1:239c4c7fd2159585454003d9be7207167970194216193a8a210b8d29576f19c9"
  name = "github.com/golang/protobuf"
  packages = [
    "proto",
    "ptypes",
    "ptypes/any",
    "ptypes/duration",
    "ptypes/timestamp",
  ]
  pruneopts = "UT"
  revision = "b5d812f8a3706043e23a9cd5babf2e5423744d30"
  version = "v1.3.1"

[[projects]]
  digest = "1:582b704bebaa06b48c29b0cec224a6058a09c86883aaddabde889cd1a5f73e1b"
  name = "github.com/google/uuid"
  packages = ["."]
  pruneopts = "UT"
  revision = "0cd6bf5da1e1c83f8b45653022c74f71af0538a4"
  version = "v1.1.1"

[[projects]]
  digest = "1:d5f97fc268267ec1b61c3453058c738246fc3e746f14b1ae25161513b7367b0c"
  name = "github.com/gorilla/mux"
  packages = ["."]
  pruneopts = "UT"
  revision = "c5c6c98bc25355028a63748a498942a6398ccd22"
  version = "v1.7.1"

[[projects]]
  digest = "1:43dd08a10854b2056e615d1b1d22ac94559d822e1f8b6fcc92c1a1057e85188e"
  name = "github.com/gorilla/websocket"
  packages = ["."]
  pruneopts = "UT"
  revision = "ea4d1f681babbce9545c9c5f3d5194a789c89f5b"
  version = "v1.2.0"

[[projects]]
  branch = "master"
  digest = "1:1a1206efd03a54d336dce7bb8719e74f2f8932f661cb9f57d5813a1d99c083d8"
  name = "github.com/grpc-ecosystem/grpc-opentracing"
  packages = ["go/otgrpc"]
  pruneopts = "UT"
  revision = "8e809c8a86450a29b90dcc9efbf062d0fe6d9746"

[[projects]]
  digest = "1:31e761d97c76151dde79e9d28964a812c46efc5baee4085b86f68f0c654450de"
  name = "github.com/konsorten/go-windows-terminal-sequences"
  packages = ["."]
  pruneopts = "UT"
  revision = "f55edac94c9bbba5d6182a4be46d86a2c9b5b50e"
  version = "v1.0.2"

[[projects]]
  digest = "1:bc1c0be40c67b6b4aee09d7508d5a2a52c1c116b1fa43806dad2b0d6b4d4003b"
  name = "github.com/lib/pq"
  packages = [
    ".",
    "oid",
    "scram",
  ]
  pruneopts = "UT"
  revision = "51e2106eed1cea199c802d2a49e91e2491b02056"
  version = "v1.1.0"

[[projects]]
  digest = "1:2fa7b0155cd54479a755c629de26f888a918e13f8857a2c442205d825368e084"
  name = "github.com/mattn/go-colorable"
  packages = ["."]
  pruneopts = "UT"
  revision = "3a70a971f94a22f2fa562ffcc7a0eb45f5daf045"
  version = "v0.1.1"

[[projects]]
  digest = "1:e150b5fafbd7607e2d638e4e5cf43aa4100124e5593385147b0a74e2733d8b0d"
  name = "github.com/mattn/go-isatty"
  packages = ["."]
  pruneopts = "UT"
  revision = "c2a7a6ca930a4cd0bc33a3f298eb71960732a3a7"
  version = "v0.0.7"

[[projects]]
  digest = "1:ff5ebae34cfbf047d505ee150de27e60570e8c394b3b8fdbb720ff6ac71985fc"
  name = "github.com/matttproud/golang_protobuf_extensions"
  packages = ["pbutil"]
  pruneopts = "UT"
  revision = "c12348ce28de40eed0136aa2b644d0ee0650e56c"
  version = "v1.0.1"

[[projects]]
  digest = "1:75fa16a231ef40da3e462d651c20b9df20bde0777bdc1ac0982242c79057ee71"
  name = "github.com/mholt/caddy"
  packages = [
    ".",
    "caddyfile",
    "telemetry",
  ]
  pruneopts = "UT"
  revision = "d3b731e9255b72d4571a5aac125634cf1b6031dc"

[[projects]]
  digest = "1:2b4b4b2e5544c2a11a486c1b631357aa2ddf766e50c1b2483cf809da2c511234"
  name = "github.com/miekg/dns"
  packages = ["."]
  pruneopts = "UT"
  revision = "73601d4aed9d844322611759d7f3619110b7c88e"
  version = "v1.1.8"

[[projects]]
  digest = "1:5d231480e1c64a726869bc4142d270184c419749d34f167646baa21008eb0a79"
  name = "github.com/mitchellh/go-homedir"
  packages = ["."]
  pruneopts = "UT"
  revision = "af06845cf3004701891bf4fdb884bfe4920b3727"
  version = "v1.1.0"

[[projects]]
  digest = "1:53bc4cd4914cd7cd52139990d5170d6dc99067ae31c56530621b18b35fc30318"
  name = "github.com/mitchellh/mapstructure"
  packages = ["."]
  pruneopts = "UT"
  revision = "3536a929edddb9a5b34bd6861dc4a9647cb459fe"
  version = "v1.1.2"

[[projects]]
  digest = "1:11e62d6050198055e6cd87ed57e5d8c669e84f839c16e16f192374d913d1a70d"
  name = "github.com/opentracing/opentracing-go"
  packages = [
    ".",
    "ext",
    "log",
  ]
  pruneopts = "UT"
  revision = "659c90643e714681897ec2521c60567dd21da733"
  version = "v1.1.0"

[[projects]]
  digest = "1:40e195917a951a8bf867cd05de2a46aaf1806c50cf92eebf4c16f78cd196f747"
  name = "github.com/pkg/errors"
  packages = ["."]
  pruneopts = "UT"
  revision = "645ef00459ed84a119197bfb8d8205042c6df63d"
  version = "v0.8.0"

[[projects]]
  digest = "1:0028cb19b2e4c3112225cd871870f2d9cf49b9b4276531f03438a88e94be86fe"
  name = "github.com/pmezard/go-difflib"
  packages = ["difflib"]
  pruneopts = "UT"
  revision = "792786c7400a136282c1664665ae0a8db921c6c2"
  version = "v1.0.0"

[[projects]]
  digest = "1:c968b29db5d68ec97de404b6d058d5937fa015a141b3b4f7a0d87d5f8226f04c"
  name = "github.com/prometheus/client_golang"
  packages = [
    "prometheus",
    "prometheus/promhttp",
  ]
  pruneopts = "UT"
  revision = "967789050ba94deca04a5e84cce8ad472ce313c1"
  version = "v0.9.0-pre1"

[[projects]]
  branch = "master"
  digest = "1:2d5cd61daa5565187e1d96bae64dbbc6080dacf741448e9629c64fd93203b0d4"
  name = "github.com/prometheus/client_model"
  packages = ["go"]
  pruneopts = "UT"
  revision = "fd36f4220a901265f90734c3183c5f0c91daa0b8"

[[projects]]
  digest = "1:35cf6bdf68db765988baa9c4f10cc5d7dda1126a54bd62e252dbcd0b1fc8da90"
  name = "github.com/prometheus/common"
  packages = [
    "expfmt",
    "internal/bitbucket.org/ww/goautoneg",
    "model",
  ]
  pruneopts = "UT"
  revision = "a82f4c12f983cc2649298185f296632953e50d3e"
  version = "v0.3.0"

[[projects]]
  branch = "master"
  digest = "1:49b09905e781d7775c086604cc00083e1832d0783f1f421b79f42657c457d029"
  name = "github.com/prometheus/procfs"
  packages = ["."]
  pruneopts = "UT"
  revision = "8368d24ba045f26503eb745b624d930cbe214c79"

[[projects]]
  digest = "1:1a23fdd843129ef761ffe7651bc5fe7c5b09fbe933e92783ab06cc11c37b7b37"
  name = "github.com/rifflock/lfshook"
  packages = ["."]
  pruneopts = "UT"
  revision = "b9218ef580f59a2e72dad1aa33d660150445d05a"
  version = "v2.4"

[[projects]]
  digest = "1:31538f8d774e8bf2fb9380d2d2a82d69e206a7d0603946586926f1819c546c26"
  name = "github.com/sirupsen/logrus"
  packages = [
    ".",
    "hooks/test",
  ]
  pruneopts = "UT"
  revision = "839c75faf7f98a33d445d181f3018b5c3409a45e"
  version = "v1.4.2"

[[projects]]
  digest = "1:7e8d267900c7fa7f35129a2a37596e38ed0f11ca746d6d9ba727980ee138f9f6"
  name = "github.com/stretchr/testify"
  packages = [
    "assert",
    "require",
  ]
  pruneopts = "UT"
  revision = "12b6f73e6084dad08a7c6e575284b177ecafbc71"
  version = "v1.2.1"

[[projects]]
  branch = "master"
  digest = "1:a84d5ec8b40a827962ea250f2cf03434138ccae9d83fcac12fb49b70c70b80cc"
  name = "golang.org/x/crypto"
  packages = [
    "curve25519",
    "ed25519",
    "ed25519/internal/edwards25519",
    "internal/chacha20",
    "internal/subtle",
    "nacl/box",
    "nacl/secretbox",
    "poly1305",
    "salsa20/salsa",
    "ssh",
    "ssh/terminal",
  ]
  pruneopts = "UT"
  revision = "f416ebab96af27ca70b6e5c23d6a0747530da626"

[[projects]]
  branch = "master"
  digest = "1:52d140f7ab52e491cc1cbc93e6637aa5e9a7f3beae7545d675b02e52ca9d7290"
  name = "golang.org/x/net"
  packages = [
    "bpf",
    "context",
    "http/httpguts",
    "http2",
    "http2/hpack",
    "idna",
    "internal/iana",
    "internal/socket",
    "internal/timeseries",
    "ipv4",
    "ipv6",
    "trace",
    "websocket",
  ]
  pruneopts = "UT"
  revision = "1da14a5a36f220ea3f03470682b737b1dfd5de22"

[[projects]]
  digest = "1:39ebcc2b11457b703ae9ee2e8cca0f68df21969c6102cb3b705f76cca0ea0239"
  name = "golang.org/x/sync"
  packages = ["errgroup"]
  pruneopts = "UT"
  revision = "1d60e4601c6fd243af51cc01ddf169918a5407ca"

[[projects]]
  branch = "master"
  digest = "1:77751d02e939d7078faedaeec10c09af575a09c528d84d18f2cb45a84bd1889a"
  name = "golang.org/x/sys"
  packages = [
    "cpu",
    "unix",
    "windows",
    "windows/registry",
    "windows/svc",
    "windows/svc/eventlog",
    "windows/svc/mgr",
  ]
  pruneopts = "UT"
  revision = "12500544f89f9420afe9529ba8940bf72d294972"

[[projects]]
  digest = "1:a2ab62866c75542dd18d2b069fec854577a20211d7c0ea6ae746072a1dccdd18"
  name = "golang.org/x/text"
  packages = [
    "collate",
    "collate/build",
    "internal/colltab",
    "internal/gen",
    "internal/tag",
    "internal/triegen",
    "internal/ucd",
    "language",
    "secure/bidirule",
    "transform",
    "unicode/bidi",
    "unicode/cldr",
    "unicode/norm",
    "unicode/rangetable",
  ]
  pruneopts = "UT"
  revision = "f21a4dfb5e38f5895301dc265a8def02365cc3d0"
  version = "v0.3.0"

[[projects]]
  branch = "master"
  digest = "1:c3076e7defee87de1236f1814beb588f40a75544c60121e6eb38b3b3721783e2"
  name = "google.golang.org/genproto"
  packages = ["googleapis/rpc/status"]
  pruneopts = "UT"
  revision = "d1146b9035b912113a38af3b138eb2af567b2c67"

[[projects]]
  digest = "1:31d87f39886fb38a2b6c097ff3b9f985d6960772170d64a68246f7790e955746"
  name = "google.golang.org/grpc"
  packages = [
    ".",
    "balancer",
    "balancer/base",
    "balancer/roundrobin",
    "binarylog/grpc_binarylog_v1",
    "codes",
    "connectivity",
    "credentials",
    "credentials/internal",
    "encoding",
    "encoding/proto",
    "grpclog",
    "internal",
    "internal/backoff",
    "internal/balancerload",
    "internal/binarylog",
    "internal/channelz",
    "internal/envconfig",
    "internal/grpcrand",
    "internal/grpcsync",
    "internal/syscall",
    "internal/transport",
    "keepalive",
    "metadata",
    "naming",
    "peer",
    "resolver",
    "resolver/dns",
    "resolver/passthrough",
    "stats",
    "status",
    "tap",
  ]
  pruneopts = "UT"
  revision = "236199dd5f8031d698fb64091194aecd1c3895b2"
  version = "v1.20.0"

[[projects]]
  branch = "altsrc-parse-durations"
  digest = "1:0370b1bceda03dbfade3abbde639a43f1113bab711ec760452e5c0dcc0c14787"
  name = "gopkg.in/urfave/cli.v2"
  packages = [
    ".",
    "altsrc",
  ]
  pruneopts = "UT"
  revision = "d604b6ffeee878fbf084fd2761466b6649989cee"
  source = "https://github.com/cbranch/cli"

[[projects]]
  digest = "1:4d2e5a73dc1500038e504a8d78b986630e3626dc027bc030ba5c75da257cdb96"
  name = "gopkg.in/yaml.v2"
  packages = ["."]
  pruneopts = "UT"
  revision = "51d6538a90f86fe93ac480b35f37b2be17fef232"
  version = "v2.2.2"

[[projects]]
  digest = "1:8ffc3ddc31414c0a71220957bb723b16510d7fcb5b3880dc0da4cf6d39c31642"
  name = "zombiezen.com/go/capnproto2"
  packages = [
    ".",
    "encoding/text",
    "internal/fulfiller",
    "internal/nodemap",
    "internal/packed",
    "internal/queue",
    "internal/schema",
    "internal/strquote",
    "pogs",
    "rpc",
    "rpc/internal/refcount",
    "schemas",
    "server",
    "std/capnp/rpc",
  ]
  pruneopts = "UT"
  revision = "7cfd211c19c7f5783c695f3654efa46f0df259c3"
  source = "https://github.com/zombiezen/go-capnproto2"
  version = "v2.17.1"

[solve-meta]
  analyzer-name = "dep"
  analyzer-version = 1
  input-imports = [
    "github.com/cloudflare/brotli-go",
    "github.com/cloudflare/golibs/lrucache",
    "github.com/coredns/coredns/core/dnsserver",
    "github.com/coredns/coredns/plugin",
    "github.com/coredns/coredns/plugin/cache",
    "github.com/coredns/coredns/plugin/metrics/vars",
    "github.com/coredns/coredns/plugin/pkg/dnstest",
    "github.com/coredns/coredns/plugin/pkg/rcode",
    "github.com/coredns/coredns/request",
    "github.com/coreos/go-oidc/jose",
    "github.com/coreos/go-systemd/daemon",
    "github.com/creack/pty",
    "github.com/elgs/gosqljson",
    "github.com/equinox-io/equinox",
    "github.com/facebookgo/grace/gracenet",
    "github.com/getsentry/raven-go",
    "github.com/gliderlabs/ssh",
    "github.com/golang-collections/collections/queue",
    "github.com/google/uuid",
    "github.com/gorilla/mux",
    "github.com/gorilla/websocket",
    "github.com/lib/pq",
    "github.com/mattn/go-colorable",
    "github.com/miekg/dns",
    "github.com/mitchellh/go-homedir",
    "github.com/mitchellh/mapstructure",
    "github.com/pkg/errors",
    "github.com/prometheus/client_golang/prometheus",
    "github.com/prometheus/client_golang/prometheus/promhttp",
    "github.com/rifflock/lfshook",
    "github.com/sirupsen/logrus",
    "github.com/sirupsen/logrus/hooks/test",
    "github.com/stretchr/testify/assert",
    "github.com/stretchr/testify/require",
    "golang.org/x/crypto/nacl/box",
    "golang.org/x/crypto/ssh",
    "golang.org/x/crypto/ssh/terminal",
    "golang.org/x/net/context",
    "golang.org/x/net/http2",
    "golang.org/x/net/http2/hpack",
    "golang.org/x/net/idna",
    "golang.org/x/net/trace",
    "golang.org/x/net/websocket",
    "golang.org/x/sync/errgroup",
    "golang.org/x/sys/windows",
    "golang.org/x/sys/windows/svc",
    "golang.org/x/sys/windows/svc/eventlog",
    "golang.org/x/sys/windows/svc/mgr",
    "gopkg.in/urfave/cli.v2",
    "gopkg.in/urfave/cli.v2/altsrc",
    "zombiezen.com/go/capnproto2",
    "zombiezen.com/go/capnproto2/encoding/text",
    "zombiezen.com/go/capnproto2/pogs",
    "zombiezen.com/go/capnproto2/rpc",
    "zombiezen.com/go/capnproto2/schemas",
    "zombiezen.com/go/capnproto2/server",
    "zombiezen.com/go/capnproto2/std/capnp/rpc",
  ]
  solver-name = "gps-cdcl"
  solver-version = 1
